
Microsoft Visual Studio Solution File, Format Version 12.00
# Visual Studio Version 16
VisualStudioVersion = 16.0.30804.86
MinimumVisualStudioVersion = 10.0.40219.1
Project("{FAE04EC0-301F-11D3-BF4B-00C04F79EFBC}") = "android_final", "android_final.csproj", "{ABB40A68-783E-4610-8B03-451F8E0ED168}"
EndProject
Global
	GlobalSection(SolutionConfigurationPlatforms) = preSolution
		Debug|Any CPU = Debug|Any CPU
		Release|Any CPU = Release|Any CPU
	EndGlobalSection
	GlobalSection(ProjectConfigurationPlatforms) = postSolution
		{ABB40A68-783E-4610-8B03-451F8E0ED168}.Debug|Any CPU.ActiveCfg = Debug|Any CPU
		{ABB40A68-783E-4610-8B03-451F8E0ED168}.Debug|Any CPU.Build.0 = Debug|Any CPU
		{ABB40A68-783E-4610-8B03-451F8E0ED168}.Release|Any CPU.ActiveCfg = Release|Any CPU
		{ABB40A68-783E-4610-8B03-451F8E0ED168}.Release|Any CPU.Build.0 = Release|Any CPU
	EndGlobalSection
	GlobalSection(SolutionProperties) = preSolution
		HideSolutionNode = FALSE
	EndGlobalSection
	GlobalSection(ExtensibilityGlobals) = postSolution
		SolutionGuid = {339FF5EA-162A-4A4B-B7BB-10E11DB85986}
	EndGlobalSection
EndGlobal
